Microsoft Visual Studio Solution File, Format Version 11.00
# Visual Studio 2008

Project("{71AEF6D3-226C-C073-228F-4A8B855EFB09}") = "Our roguelike", "Assembly-CSharp.csproj", "{FA82B0EC-F970-7C65-E633-86F170D60E61}"
EndProject
Global
	GlobalSection(SolutionConfigurationPlatforms) = preSolution
		Debug|Any CPU = Debug|Any CPU
		Release|Any CPU = Release|Any CPU
	EndGlobalSection
	GlobalSection(ProjectConfigurationPlatforms) = postSolution
		{FA82B0EC-F970-7C65-E633-86F170D60E61}.Debug|Any CPU.ActiveCfg = Debug|Any CPU
		{FA82B0EC-F970-7C65-E633-86F170D60E61}.Debug|Any CPU.Build.0 = Debug|Any CPU
		{FA82B0EC-F970-7C65-E633-86F170D60E61}.Release|Any CPU.ActiveCfg = Release|Any CPU
		{FA82B0EC-F970-7C65-E633-86F170D60E61}.Release|Any CPU.Build.0 = Release|Any CPU
	EndGlobalSection
	GlobalSection(SolutionProperties) = preSolution
		HideSolutionNode = FALSE
	EndGlobalSection
	GlobalSection(MonoDevelopProperties) = preSolution
		StartupItem = Assembly-CSharp.csproj
	EndGlobalSection
EndGlobal
